
Microsoft Visual Studio Solution File, Format Version 12.00
# Visual Studio Version 17
VisualStudioVersion = 17.5.33424.131
MinimumVisualStudioVersion = 10.0.40219.1
Project("{FAE04EC0-301F-11D3-BF4B-00C04F79EFBC}") = "p083", "p083\p083.csproj", "{F2A59E5B-C491-47FE-BD6C-2663D7B93C3E}"
EndProject
Global
	GlobalSection(SolutionConfigurationPlatforms) = preSolution
		Debug|Any CPU = Debug|Any CPU
		Release|Any CPU = Release|Any CPU
	EndGlobalSection
	GlobalSection(ProjectConfigurationPlatforms) = postSolution
		{F2A59E5B-C491-47FE-BD6C-2663D7B93C3E}.Debug|Any CPU.ActiveCfg = Debug|Any CPU
		{F2A59E5B-C491-47FE-BD6C-2663D7B93C3E}.Debug|Any CPU.Build.0 = Debug|Any CPU
		{F2A59E5B-C491-47FE-BD6C-2663D7B93C3E}.Release|Any CPU.ActiveCfg = Release|Any CPU
		{F2A59E5B-C491-47FE-BD6C-2663D7B93C3E}.Release|Any CPU.Build.0 = Release|Any CPU
	EndGlobalSection
	GlobalSection(SolutionProperties) = preSolution
		HideSolutionNode = FALSE
	EndGlobalSection
	GlobalSection(ExtensibilityGlobals) = postSolution
		SolutionGuid = {37CA6248-8F32-4933-B5DF-499E9CB286EC}
	EndGlobalSection
EndGlobal
