
Microsoft Visual Studio Solution File, Format Version 12.00
# Visual Studio Version 17
VisualStudioVersion = 17.5.33502.453
MinimumVisualStudioVersion = 10.0.40219.1
Project("{FAE04EC0-301F-11D3-BF4B-00C04F79EFBC}") = "ch4 연습문제", "ch4 연습문제\ch4 연습문제.csproj", "{7D2CDEAD-0225-4B35-A4A1-7433E1EFA56B}"
EndProject
Global
	GlobalSection(SolutionConfigurationPlatforms) = preSolution
		Debug|Any CPU = Debug|Any CPU
		Release|Any CPU = Release|Any CPU
	EndGlobalSection
	GlobalSection(ProjectConfigurationPlatforms) = postSolution
		{7D2CDEAD-0225-4B35-A4A1-7433E1EFA56B}.Debug|Any CPU.ActiveCfg = Debug|Any CPU
		{7D2CDEAD-0225-4B35-A4A1-7433E1EFA56B}.Debug|Any CPU.Build.0 = Debug|Any CPU
		{7D2CDEAD-0225-4B35-A4A1-7433E1EFA56B}.Release|Any CPU.ActiveCfg = Release|Any CPU
		{7D2CDEAD-0225-4B35-A4A1-7433E1EFA56B}.Release|Any CPU.Build.0 = Release|Any CPU
	EndGlobalSection
	GlobalSection(SolutionProperties) = preSolution
		HideSolutionNode = FALSE
	EndGlobalSection
	GlobalSection(ExtensibilityGlobals) = postSolution
		SolutionGuid = {D1BF52E8-5E92-4F7C-8446-9F8C24DD8BAC}
	EndGlobalSection
EndGlobal
