
Microsoft Visual Studio Solution File, Format Version 12.00
# Visual Studio Version 17
VisualStudioVersion = 17.5.33502.453
MinimumVisualStudioVersion = 10.0.40219.1
Project("{FAE04EC0-301F-11D3-BF4B-00C04F79EFBC}") = "p331_332", "p331_332\p331_332.csproj", "{04FEA9DC-173E-40CF-BB4E-3F0CFEADF1AD}"
EndProject
Global
	GlobalSection(SolutionConfigurationPlatforms) = preSolution
		Debug|Any CPU = Debug|Any CPU
		Release|Any CPU = Release|Any CPU
	EndGlobalSection
	GlobalSection(ProjectConfigurationPlatforms) = postSolution
		{04FEA9DC-173E-40CF-BB4E-3F0CFEADF1AD}.Debug|Any CPU.ActiveCfg = Debug|Any CPU
		{04FEA9DC-173E-40CF-BB4E-3F0CFEADF1AD}.Debug|Any CPU.Build.0 = Debug|Any CPU
		{04FEA9DC-173E-40CF-BB4E-3F0CFEADF1AD}.Release|Any CPU.ActiveCfg = Release|Any CPU
		{04FEA9DC-173E-40CF-BB4E-3F0CFEADF1AD}.Release|Any CPU.Build.0 = Release|Any CPU
	EndGlobalSection
	GlobalSection(SolutionProperties) = preSolution
		HideSolutionNode = FALSE
	EndGlobalSection
	GlobalSection(ExtensibilityGlobals) = postSolution
		SolutionGuid = {2255C7DF-3C01-4F3A-AD24-046A41513291}
	EndGlobalSection
EndGlobal
