
Microsoft Visual Studio Solution File, Format Version 12.00
# Visual Studio Version 17
VisualStudioVersion = 17.5.33502.453
MinimumVisualStudioVersion = 10.0.40219.1
Project("{FAE04EC0-301F-11D3-BF4B-00C04F79EFBC}") = "p116", "p116\p116.csproj", "{53A17BE8-6A3B-43B5-AC83-180AD8AEB63C}"
EndProject
Global
	GlobalSection(SolutionConfigurationPlatforms) = preSolution
		Debug|Any CPU = Debug|Any CPU
		Release|Any CPU = Release|Any CPU
	EndGlobalSection
	GlobalSection(ProjectConfigurationPlatforms) = postSolution
		{53A17BE8-6A3B-43B5-AC83-180AD8AEB63C}.Debug|Any CPU.ActiveCfg = Debug|Any CPU
		{53A17BE8-6A3B-43B5-AC83-180AD8AEB63C}.Debug|Any CPU.Build.0 = Debug|Any CPU
		{53A17BE8-6A3B-43B5-AC83-180AD8AEB63C}.Release|Any CPU.ActiveCfg = Release|Any CPU
		{53A17BE8-6A3B-43B5-AC83-180AD8AEB63C}.Release|Any CPU.Build.0 = Release|Any CPU
	EndGlobalSection
	GlobalSection(SolutionProperties) = preSolution
		HideSolutionNode = FALSE
	EndGlobalSection
	GlobalSection(ExtensibilityGlobals) = postSolution
		SolutionGuid = {7A26F3BA-8A93-4425-A18C-F1CEF9D4FBEE}
	EndGlobalSection
EndGlobal
