
Microsoft Visual Studio Solution File, Format Version 12.00
# Visual Studio Version 17
VisualStudioVersion = 17.5.33502.453
MinimumVisualStudioVersion = 10.0.40219.1
Project("{FAE04EC0-301F-11D3-BF4B-00C04F79EFBC}") = "6강", "6강\6강.csproj", "{15EAA567-EB53-4CAE-8C63-4E52B8F5237D}"
EndProject
Global
	GlobalSection(SolutionConfigurationPlatforms) = preSolution
		Debug|Any CPU = Debug|Any CPU
		Release|Any CPU = Release|Any CPU
	EndGlobalSection
	GlobalSection(ProjectConfigurationPlatforms) = postSolution
		{15EAA567-EB53-4CAE-8C63-4E52B8F5237D}.Debug|Any CPU.ActiveCfg = Debug|Any CPU
		{15EAA567-EB53-4CAE-8C63-4E52B8F5237D}.Debug|Any CPU.Build.0 = Debug|Any CPU
		{15EAA567-EB53-4CAE-8C63-4E52B8F5237D}.Release|Any CPU.ActiveCfg = Release|Any CPU
		{15EAA567-EB53-4CAE-8C63-4E52B8F5237D}.Release|Any CPU.Build.0 = Release|Any CPU
	EndGlobalSection
	GlobalSection(SolutionProperties) = preSolution
		HideSolutionNode = FALSE
	EndGlobalSection
	GlobalSection(ExtensibilityGlobals) = postSolution
		SolutionGuid = {1924361C-A490-4AE4-99ED-81F81A20490A}
	EndGlobalSection
EndGlobal
