
Microsoft Visual Studio Solution File, Format Version 12.00
# Visual Studio Version 17
VisualStudioVersion = 17.5.33502.453
MinimumVisualStudioVersion = 10.0.40219.1
Project("{FAE04EC0-301F-11D3-BF4B-00C04F79EFBC}") = "ch2 실습문제 2", "ch2 실습문제 2\ch2 실습문제 2.csproj", "{B3C72FF1-E15A-41A7-830B-4497FA31502C}"
EndProject
Global
	GlobalSection(SolutionConfigurationPlatforms) = preSolution
		Debug|Any CPU = Debug|Any CPU
		Release|Any CPU = Release|Any CPU
	EndGlobalSection
	GlobalSection(ProjectConfigurationPlatforms) = postSolution
		{B3C72FF1-E15A-41A7-830B-4497FA31502C}.Debug|Any CPU.ActiveCfg = Debug|Any CPU
		{B3C72FF1-E15A-41A7-830B-4497FA31502C}.Debug|Any CPU.Build.0 = Debug|Any CPU
		{B3C72FF1-E15A-41A7-830B-4497FA31502C}.Release|Any CPU.ActiveCfg = Release|Any CPU
		{B3C72FF1-E15A-41A7-830B-4497FA31502C}.Release|Any CPU.Build.0 = Release|Any CPU
	EndGlobalSection
	GlobalSection(SolutionProperties) = preSolution
		HideSolutionNode = FALSE
	EndGlobalSection
	GlobalSection(ExtensibilityGlobals) = postSolution
		SolutionGuid = {20BCBCC0-3FF5-48BB-B34D-BF7018CFA3CF}
	EndGlobalSection
EndGlobal
