
Microsoft Visual Studio Solution File, Format Version 12.00
# Visual Studio Version 17
VisualStudioVersion = 17.5.33424.131
MinimumVisualStudioVersion = 10.0.40219.1
Project("{FAE04EC0-301F-11D3-BF4B-00C04F79EFBC}") = "p062", "p062\p062.csproj", "{2384579F-63DD-44BB-945D-546C18D75ECF}"
EndProject
Global
	GlobalSection(SolutionConfigurationPlatforms) = preSolution
		Debug|Any CPU = Debug|Any CPU
		Release|Any CPU = Release|Any CPU
	EndGlobalSection
	GlobalSection(ProjectConfigurationPlatforms) = postSolution
		{2384579F-63DD-44BB-945D-546C18D75ECF}.Debug|Any CPU.ActiveCfg = Debug|Any CPU
		{2384579F-63DD-44BB-945D-546C18D75ECF}.Debug|Any CPU.Build.0 = Debug|Any CPU
		{2384579F-63DD-44BB-945D-546C18D75ECF}.Release|Any CPU.ActiveCfg = Release|Any CPU
		{2384579F-63DD-44BB-945D-546C18D75ECF}.Release|Any CPU.Build.0 = Release|Any CPU
	EndGlobalSection
	GlobalSection(SolutionProperties) = preSolution
		HideSolutionNode = FALSE
	EndGlobalSection
	GlobalSection(ExtensibilityGlobals) = postSolution
		SolutionGuid = {C23E505E-D676-44EB-B3D8-CEB02F4C6031}
	EndGlobalSection
EndGlobal
