
Microsoft Visual Studio Solution File, Format Version 12.00
# Visual Studio Version 17
VisualStudioVersion = 17.5.33502.453
MinimumVisualStudioVersion = 10.0.40219.1
Project("{FAE04EC0-301F-11D3-BF4B-00C04F79EFBC}") = "Ch2 연습문제 3", "Ch2 연습문제 3\Ch2 연습문제 3.csproj", "{1E63ACAA-93A7-413F-9650-9315B30F8283}"
EndProject
Global
	GlobalSection(SolutionConfigurationPlatforms) = preSolution
		Debug|Any CPU = Debug|Any CPU
		Release|Any CPU = Release|Any CPU
	EndGlobalSection
	GlobalSection(ProjectConfigurationPlatforms) = postSolution
		{1E63ACAA-93A7-413F-9650-9315B30F8283}.Debug|Any CPU.ActiveCfg = Debug|Any CPU
		{1E63ACAA-93A7-413F-9650-9315B30F8283}.Debug|Any CPU.Build.0 = Debug|Any CPU
		{1E63ACAA-93A7-413F-9650-9315B30F8283}.Release|Any CPU.ActiveCfg = Release|Any CPU
		{1E63ACAA-93A7-413F-9650-9315B30F8283}.Release|Any CPU.Build.0 = Release|Any CPU
	EndGlobalSection
	GlobalSection(SolutionProperties) = preSolution
		HideSolutionNode = FALSE
	EndGlobalSection
	GlobalSection(ExtensibilityGlobals) = postSolution
		SolutionGuid = {50C8ED34-2828-489A-AE64-0615E0644118}
	EndGlobalSection
EndGlobal
