
Microsoft Visual Studio Solution File, Format Version 12.00
# Visual Studio Version 17
VisualStudioVersion = 17.5.33424.131
MinimumVisualStudioVersion = 10.0.40219.1
Project("{FAE04EC0-301F-11D3-BF4B-00C04F79EFBC}") = "3강", "3강\3강.csproj", "{DB56A039-29EC-4623-857F-5461BE04100B}"
EndProject
Global
	GlobalSection(SolutionConfigurationPlatforms) = preSolution
		Debug|Any CPU = Debug|Any CPU
		Release|Any CPU = Release|Any CPU
	EndGlobalSection
	GlobalSection(ProjectConfigurationPlatforms) = postSolution
		{DB56A039-29EC-4623-857F-5461BE04100B}.Debug|Any CPU.ActiveCfg = Debug|Any CPU
		{DB56A039-29EC-4623-857F-5461BE04100B}.Debug|Any CPU.Build.0 = Debug|Any CPU
		{DB56A039-29EC-4623-857F-5461BE04100B}.Release|Any CPU.ActiveCfg = Release|Any CPU
		{DB56A039-29EC-4623-857F-5461BE04100B}.Release|Any CPU.Build.0 = Release|Any CPU
	EndGlobalSection
	GlobalSection(SolutionProperties) = preSolution
		HideSolutionNode = FALSE
	EndGlobalSection
	GlobalSection(ExtensibilityGlobals) = postSolution
		SolutionGuid = {563B63AC-6422-4C1C-846C-17F7A3A521D5}
	EndGlobalSection
EndGlobal
