
Microsoft Visual Studio Solution File, Format Version 12.00
# Visual Studio Version 17
VisualStudioVersion = 17.5.33424.131
MinimumVisualStudioVersion = 10.0.40219.1
Project("{FAE04EC0-301F-11D3-BF4B-00C04F79EFBC}") = "p087", "p087\p087.csproj", "{701B15AC-152F-4043-99A2-A8DA9B91F165}"
EndProject
Global
	GlobalSection(SolutionConfigurationPlatforms) = preSolution
		Debug|Any CPU = Debug|Any CPU
		Release|Any CPU = Release|Any CPU
	EndGlobalSection
	GlobalSection(ProjectConfigurationPlatforms) = postSolution
		{701B15AC-152F-4043-99A2-A8DA9B91F165}.Debug|Any CPU.ActiveCfg = Debug|Any CPU
		{701B15AC-152F-4043-99A2-A8DA9B91F165}.Debug|Any CPU.Build.0 = Debug|Any CPU
		{701B15AC-152F-4043-99A2-A8DA9B91F165}.Release|Any CPU.ActiveCfg = Release|Any CPU
		{701B15AC-152F-4043-99A2-A8DA9B91F165}.Release|Any CPU.Build.0 = Release|Any CPU
	EndGlobalSection
	GlobalSection(SolutionProperties) = preSolution
		HideSolutionNode = FALSE
	EndGlobalSection
	GlobalSection(ExtensibilityGlobals) = postSolution
		SolutionGuid = {79FC8C35-BA66-43AF-A4B8-BF8A42148355}
	EndGlobalSection
EndGlobal
