
Microsoft Visual Studio Solution File, Format Version 12.00
# Visual Studio Version 17
VisualStudioVersion = 17.5.33424.131
MinimumVisualStudioVersion = 10.0.40219.1
Project("{FAE04EC0-301F-11D3-BF4B-00C04F79EFBC}") = "p066", "p066\p066.csproj", "{CF86732C-125A-4555-9913-17FA7BA1CB0F}"
EndProject
Global
	GlobalSection(SolutionConfigurationPlatforms) = preSolution
		Debug|Any CPU = Debug|Any CPU
		Release|Any CPU = Release|Any CPU
	EndGlobalSection
	GlobalSection(ProjectConfigurationPlatforms) = postSolution
		{CF86732C-125A-4555-9913-17FA7BA1CB0F}.Debug|Any CPU.ActiveCfg = Debug|Any CPU
		{CF86732C-125A-4555-9913-17FA7BA1CB0F}.Debug|Any CPU.Build.0 = Debug|Any CPU
		{CF86732C-125A-4555-9913-17FA7BA1CB0F}.Release|Any CPU.ActiveCfg = Release|Any CPU
		{CF86732C-125A-4555-9913-17FA7BA1CB0F}.Release|Any CPU.Build.0 = Release|Any CPU
	EndGlobalSection
	GlobalSection(SolutionProperties) = preSolution
		HideSolutionNode = FALSE
	EndGlobalSection
	GlobalSection(ExtensibilityGlobals) = postSolution
		SolutionGuid = {E3CF32C9-3447-4A05-A8E8-A3B7D0E23E45}
	EndGlobalSection
EndGlobal
