
Microsoft Visual Studio Solution File, Format Version 12.00
# Visual Studio Version 17
VisualStudioVersion = 17.5.33502.453
MinimumVisualStudioVersion = 10.0.40219.1
Project("{FAE04EC0-301F-11D3-BF4B-00C04F79EFBC}") = "7강", "7강\7강.csproj", "{4B352593-BC77-4D76-AEFE-A630D3BA4B97}"
EndProject
Global
	GlobalSection(SolutionConfigurationPlatforms) = preSolution
		Debug|Any CPU = Debug|Any CPU
		Release|Any CPU = Release|Any CPU
	EndGlobalSection
	GlobalSection(ProjectConfigurationPlatforms) = postSolution
		{4B352593-BC77-4D76-AEFE-A630D3BA4B97}.Debug|Any CPU.ActiveCfg = Debug|Any CPU
		{4B352593-BC77-4D76-AEFE-A630D3BA4B97}.Debug|Any CPU.Build.0 = Debug|Any CPU
		{4B352593-BC77-4D76-AEFE-A630D3BA4B97}.Release|Any CPU.ActiveCfg = Release|Any CPU
		{4B352593-BC77-4D76-AEFE-A630D3BA4B97}.Release|Any CPU.Build.0 = Release|Any CPU
	EndGlobalSection
	GlobalSection(SolutionProperties) = preSolution
		HideSolutionNode = FALSE
	EndGlobalSection
	GlobalSection(ExtensibilityGlobals) = postSolution
		SolutionGuid = {98C9CA39-2558-4C5B-BA8C-1B8FB93AF207}
	EndGlobalSection
EndGlobal
